
Microsoft Visual Studio Solution File, Format Version 12.00
# Visual Studio Version 17
VisualStudioVersion = 17.14.36811.4
MinimumVisualStudioVersion = 10.0.40219.1
Project("{8BC9CEB8-8B4A-11D0-8D11-00A0C91BC942}") = "SimpleAntiCheat", "SimpleAntiCheat.vcxproj", "{21B88419-34DD-5AC9-D10A-4C566AFA9761}"
EndProject
Project("{8BC9CEB8-8B4A-11D0-8D11-00A0C91BC942}") = "SimpleAntiCheatTest", "SimpleAntiCheatTest\SimpleAntiCheatTest.vcxproj", "{950E7AF7-705F-4E56-A351-0D37AE069FA8}"
EndProject
Global
	GlobalSection(SolutionConfigurationPlatforms) = preSolution
		Debug|ARM64 = Debug|ARM64
		Debug|x64 = Debug|x64
		Release|ARM64 = Release|ARM64
		Release|x64 = Release|x64
	EndGlobalSection
	GlobalSection(ProjectConfigurationPlatforms) = postSolution
		{21B88419-34DD-5AC9-D10A-4C566AFA9761}.Debug|ARM64.ActiveCfg = Debug|ARM64
		{21B88419-34DD-5AC9-D10A-4C566AFA9761}.Debug|ARM64.Build.0 = Debug|ARM64
		{21B88419-34DD-5AC9-D10A-4C566AFA9761}.Debug|ARM64.Deploy.0 = Debug|ARM64
		{21B88419-34DD-5AC9-D10A-4C566AFA9761}.Debug|x64.ActiveCfg = Debug|x64
		{21B88419-34DD-5AC9-D10A-4C566AFA9761}.Debug|x64.Build.0 = Debug|x64
		{21B88419-34DD-5AC9-D10A-4C566AFA9761}.Debug|x64.Deploy.0 = Debug|x64
		{21B88419-34DD-5AC9-D10A-4C566AFA9761}.Release|ARM64.ActiveCfg = Release|ARM64
		{21B88419-34DD-5AC9-D10A-4C566AFA9761}.Release|ARM64.Build.0 = Release|ARM64
		{21B88419-34DD-5AC9-D10A-4C566AFA9761}.Release|ARM64.Deploy.0 = Release|ARM64
		{21B88419-34DD-5AC9-D10A-4C566AFA9761}.Release|x64.ActiveCfg = Release|x64
		{21B88419-34DD-5AC9-D10A-4C566AFA9761}.Release|x64.Build.0 = Release|x64
		{21B88419-34DD-5AC9-D10A-4C566AFA9761}.Release|x64.Deploy.0 = Release|x64
		{950E7AF7-705F-4E56-A351-0D37AE069FA8}.Debug|ARM64.ActiveCfg = Debug|x64
		{950E7AF7-705F-4E56-A351-0D37AE069FA8}.Debug|ARM64.Build.0 = Debug|x64
		{950E7AF7-705F-4E56-A351-0D37AE069FA8}.Debug|x64.ActiveCfg = Debug|x64
		{950E7AF7-705F-4E56-A351-0D37AE069FA8}.Debug|x64.Build.0 = Debug|x64
		{950E7AF7-705F-4E56-A351-0D37AE069FA8}.Release|ARM64.ActiveCfg = Release|x64
		{950E7AF7-705F-4E56-A351-0D37AE069FA8}.Release|ARM64.Build.0 = Release|x64
		{950E7AF7-705F-4E56-A351-0D37AE069FA8}.Release|x64.ActiveCfg = Release|x64
		{950E7AF7-705F-4E56-A351-0D37AE069FA8}.Release|x64.Build.0 = Release|x64
	EndGlobalSection
	GlobalSection(SolutionProperties) = preSolution
		HideSolutionNode = FALSE
	EndGlobalSection
	GlobalSection(ExtensibilityGlobals) = postSolution
		SolutionGuid = {92D63417-23D1-4D34-A22D-75D5B5414DE2}
	EndGlobalSection
EndGlobal
